
Microsoft Visual Studio Solution File, Format Version 12.00
# Visual Studio 15
VisualStudioVersion = 15.0.28307.572
MinimumVisualStudioVersion = 10.0.40219.1
Project("{FAE04EC0-301F-11D3-BF4B-00C04F79EFBC}") = "FilmsApi", "FilmsApi\FilmsApi.csproj", "{19EBCDD0-7A67-4292-9AD6-5940D4DDEEC5}"
EndProject
Global
	GlobalSection(SolutionConfigurationPlatforms) = preSolution
		Debug|Any CPU = Debug|Any CPU
		Release|Any CPU = Release|Any CPU
	EndGlobalSection
	GlobalSection(ProjectConfigurationPlatforms) = postSolution
		{19EBCDD0-7A67-4292-9AD6-5940D4DDEEC5}.Debug|Any CPU.ActiveCfg = Debug|Any CPU
		{19EBCDD0-7A67-4292-9AD6-5940D4DDEEC5}.Debug|Any CPU.Build.0 = Debug|Any CPU
		{19EBCDD0-7A67-4292-9AD6-5940D4DDEEC5}.Release|Any CPU.ActiveCfg = Release|Any CPU
		{19EBCDD0-7A67-4292-9AD6-5940D4DDEEC5}.Release|Any CPU.Build.0 = Release|Any CPU
	EndGlobalSection
	GlobalSection(SolutionProperties) = preSolution
		HideSolutionNode = FALSE
	EndGlobalSection
	GlobalSection(ExtensibilityGlobals) = postSolution
		SolutionGuid = {62729058-7990-4E9F-A977-FCA947DC6884}
	EndGlobalSection
EndGlobal
